
Microsoft Visual Studio Solution File, Format Version 12.00
# Visual Studio Version 16
VisualStudioVersion = 16.0.30204.135
MinimumVisualStudioVersion = 10.0.40219.1
Project("{9A19103F-16F7-4668-BE54-9A1E7A4F7556}") = "PackProject.Tool", "Tool\PackProject.Tool.csproj", "{18AA5028-EA1C-4AF0-A4CA-78D1EF5D0F70}"
EndProject
Project("{2150E333-8FDC-42A3-9474-1A3956D46DE8}") = ".git", ".git", "{9BAE7120-600F-4AEB-A552-D08570A86F17}"
	ProjectSection(SolutionItems) = preProject
		..\.gitattributes = ..\.gitattributes
		..\.gitignore = ..\.gitignore
	EndProjectSection
EndProject
Global
	GlobalSection(SolutionConfigurationPlatforms) = preSolution
		Debug|Any CPU = Debug|Any CPU
		Release|Any CPU = Release|Any CPU
	EndGlobalSection
	GlobalSection(ProjectConfigurationPlatforms) = postSolution
		{18AA5028-EA1C-4AF0-A4CA-78D1EF5D0F70}.Debug|Any CPU.ActiveCfg = Debug|Any CPU
		{18AA5028-EA1C-4AF0-A4CA-78D1EF5D0F70}.Debug|Any CPU.Build.0 = Debug|Any CPU
		{18AA5028-EA1C-4AF0-A4CA-78D1EF5D0F70}.Release|Any CPU.ActiveCfg = Release|Any CPU
		{18AA5028-EA1C-4AF0-A4CA-78D1EF5D0F70}.Release|Any CPU.Build.0 = Release|Any CPU
	EndGlobalSection
	GlobalSection(SolutionProperties) = preSolution
		HideSolutionNode = FALSE
	EndGlobalSection
	GlobalSection(ExtensibilityGlobals) = postSolution
		SolutionGuid = {6D260A6D-A23A-468F-A63A-D4AE75B931B8}
	EndGlobalSection
EndGlobal
